{
  "name": "huggingface-estimate",
  "lockfileVersion": 3,
  "requires": true,
  "packages": {
    "": {
      "dependencies": {
        "@huggingface/gguf": "^0.4.2"
      }
    },
    "node_modules/@huggingface/gguf": {
      "version": "0.4.2",
      "resolved": "https://registry.npmjs.org/@huggingface/gguf/-/gguf-0.4.2.tgz",
      "integrity": "sha512-pog57zGj/u8uZ6cFi2vH9MkWvq+ZtFDa5iUeNxggDSle+04htJQFbl31TcauGUhnxTBJokFexWK9WL2BakLR0Q==",
      "license": "MIT",
      "dependencies": {
        "@huggingface/tasks": "^0.20.12"
      },
      "bin": {
        "gguf-view": "dist/cli.js"
      },
      "engines": {
        "node": ">=20"
      }
    },
    "node_modules/@huggingface/tasks": {
      "version": "0.20.16",
      "resolved": "https://registry.npmjs.org/@huggingface/tasks/-/tasks-0.20.16.tgz",
      "integrity": "sha512-Jf1qCqL4e8xMBFGEelWgmJ2MGbOP2XYA3ggj3BPlA5U+3Kr+zO8mzo+ODf13u/xXeo/TF77UH7e1f7KxIVve5A==",
      "license": "MIT"
    }
  }
}
